
Microsoft Visual Studio Solution File, Format Version 12.00
# Visual Studio Version 17
VisualStudioVersion = 17.8.34525.116
MinimumVisualStudioVersion = 10.0.40219.1
Project("{FAE04EC0-301F-11D3-BF4B-00C04F79EFBC}") = "overloadingmethods", "overloadingmethods\overloadingmethods.csproj", "{3451E580-A6DF-4B38-B0E6-D89CE35487DE}"
EndProject
Global
	GlobalSection(SolutionConfigurationPlatforms) = preSolution
		Debug|Any CPU = Debug|Any CPU
		Release|Any CPU = Release|Any CPU
	EndGlobalSection
	GlobalSection(ProjectConfigurationPlatforms) = postSolution
		{3451E580-A6DF-4B38-B0E6-D89CE35487DE}.Debug|Any CPU.ActiveCfg = Debug|Any CPU
		{3451E580-A6DF-4B38-B0E6-D89CE35487DE}.Debug|Any CPU.Build.0 = Debug|Any CPU
		{3451E580-A6DF-4B38-B0E6-D89CE35487DE}.Release|Any CPU.ActiveCfg = Release|Any CPU
		{3451E580-A6DF-4B38-B0E6-D89CE35487DE}.Release|Any CPU.Build.0 = Release|Any CPU
	EndGlobalSection
	GlobalSection(SolutionProperties) = preSolution
		HideSolutionNode = FALSE
	EndGlobalSection
	GlobalSection(ExtensibilityGlobals) = postSolution
		SolutionGuid = {A1FF8C49-F35E-4685-BE77-0461BA0D501D}
	EndGlobalSection
EndGlobal
